
Microsoft Visual Studio Solution File, Format Version 12.00
# Visual Studio Version 17
VisualStudioVersion = 17.6.33829.357
MinimumVisualStudioVersion = 10.0.40219.1
Project("{FAE04EC0-301F-11D3-BF4B-00C04F79EFBC}") = "ApiCubosJaimeReparaz", "ApiCubosJaimeReparaz.csproj", "{43CA7AF0-F0EF-4BDF-A3ED-9654B7A21AEF}"
EndProject
Global
	GlobalSection(SolutionConfigurationPlatforms) = preSolution
		Debug|Any CPU = Debug|Any CPU
		Release|Any CPU = Release|Any CPU
	EndGlobalSection
	GlobalSection(ProjectConfigurationPlatforms) = postSolution
		{43CA7AF0-F0EF-4BDF-A3ED-9654B7A21AEF}.Debug|Any CPU.ActiveCfg = Debug|Any CPU
		{43CA7AF0-F0EF-4BDF-A3ED-9654B7A21AEF}.Debug|Any CPU.Build.0 = Debug|Any CPU
		{43CA7AF0-F0EF-4BDF-A3ED-9654B7A21AEF}.Release|Any CPU.ActiveCfg = Release|Any CPU
		{43CA7AF0-F0EF-4BDF-A3ED-9654B7A21AEF}.Release|Any CPU.Build.0 = Release|Any CPU
	EndGlobalSection
	GlobalSection(SolutionProperties) = preSolution
		HideSolutionNode = FALSE
	EndGlobalSection
	GlobalSection(ExtensibilityGlobals) = postSolution
		SolutionGuid = {5FFD2F9A-52DE-4D8C-94EA-DC52ABC53217}
	EndGlobalSection
EndGlobal
